PODS:
  - Flutter (1.0.0)
  - TensorFlowLiteC (2.2.0)
  - tflite (1.1.0):
    - Flutter
    - TensorFlowLiteC

DEPENDENCIES:
  - Flutter (from `Flutter`)
  - tflite (from `.symlinks/plugins/tflite/ios`)

SPEC REPOS:
  trunk:
    - TensorFlowLiteC

EXTERNAL SOURCES:
  Flutter:
    :path: Flutter
  tflite:
    :path: ".symlinks/plugins/tflite/ios"

SPEC CHECKSUMS:
  Flutter: 0e3d915762c693b495b44d77113d4970485de6ec
  TensorFlowLiteC: b3ab9e867b0b71052ca102a32a786555b330b02e
  tflite: 61a908b8b12c100c9e3508788a407184819a9e1f

PODFILE CHECKSUM: aafe91acc616949ddb318b77800a7f51bffa2a4c

COCOAPODS: 1.9.3
